// !$*UTF8*$!
{
	archiveVersion = 1;
	classes = {
	};
	objectVersion = 46;
	objects = {

/* Begin PBXBuildFile section */
		2A4F7A5B179859D900031D36 /* Default-568h@2x.png in Resources */ = {isa = PBXBuildFile; fileRef = 2A4F7A5A179859D900031D36 /* Default-568h@2x.png */; };
		2A5B036B17957B92003F75CF /* DebugTableViewController.m in Sources */ = {isa = PBXBuildFile; fileRef = 2A5B036A17957B92003F75CF /* DebugTableViewController.m */; };
		9C0B253A179197AB00472670 /* UIKit.framework in Frameworks */ = {isa = PBXBuildFile; fileRef = 9C0B2539179197AB00472670 /* UIKit.framework */; };
		9C0B253C179197AB00472670 /* Foundation.framework in Frameworks */ = {isa = PBXBuildFile; fileRef = 9C0B253B179197AB00472670 /* Foundation.framework */; };
		9C0B253E179197AB00472670 /* CoreGraphics.framework in Frameworks */ = {isa = PBXBuildFile; fileRef = 9C0B253D179197AB00472670 /* CoreGraphics.framework */; };
		9C0B2544179197AB00472670 /* InfoPlist.strings in Resources */ = {isa = PBXBuildFile; fileRef = 9C0B2542179197AB00472670 /* InfoPlist.strings */; };
		9C0B2546179197AB00472670 /* main.m in Sources */ = {isa = PBXBuildFile; fileRef = 9C0B2545179197AB00472670 /* main.m */; };
		9C0B254A179197AB00472670 /* AppDelegate.m in Sources */ = {isa = PBXBuildFile; fileRef = 9C0B2549179197AB00472670 /* AppDelegate.m */; };
		9C0B2558179197AB00472670 /* SenTestingKit.framework in Frameworks */ = {isa = PBXBuildFile; fileRef = 9C0B2557179197AB00472670 /* SenTestingKit.framework */; };
		9C0B2559179197AB00472670 /* UIKit.framework in Frameworks */ = {isa = PBXBuildFile; fileRef = 9C0B2539179197AB00472670 /* UIKit.framework */; };
		9C0B255A179197AB00472670 /* Foundation.framework in Frameworks */ = {isa = PBXBuildFile; fileRef = 9C0B253B179197AB00472670 /* Foundation.framework */; };
		9C0B2562179197AB00472670 /* InfoPlist.strings in Resources */ = {isa = PBXBuildFile; fileRef = 9C0B2560179197AB00472670 /* InfoPlist.strings */; };
		9C0B2565179197AB00472670 /* metaProjectTests.m in Sources */ = {isa = PBXBuildFile; fileRef = 9C0B2564179197AB00472670 /* metaProjectTests.m */; };
/* End PBXBuildFile section */

/* Begin PBXContainerItemProxy section */
		9C0B255B179197AB00472670 /* PBXContainerItemProxy */ = {
			isa = PBXContainerItemProxy;
			containerPortal = 9C0B252C179197AB00472670 /* Project object */;
			proxyType = 1;
			remoteGlobalIDString = 9C0B2534179197AB00472670;
			remoteInfo = metaProject;
		};
/* End PBXContainerItemProxy section */

/* Begin PBXFileReference section */
		2A4F7A5A179859D900031D36 /* Default-568h@2x.png */ = {isa = PBXFileReference; lastKnownFileType = image.png; path = "Default-568h@2x.png"; sourceTree = "<group>"; };
		2A5B036917957B92003F75CF /* DebugTableViewController.h */ = {isa = PBXFileReference; fileEncoding = 4; lastKnownFileType = sourcecode.c.h; path = DebugTableViewController.h; sourceTree = SOURCE_ROOT; };
		2A5B036A17957B92003F75CF /* DebugTableViewController.m */ = {isa = PBXFileReference; fileEncoding = 4; lastKnownFileType = sourcecode.c.objc; path = DebugTableViewController.m; sourceTree = SOURCE_ROOT; };
		9C0B2535179197AB00472670 /* metaProject.app */ = {isa = PBXFileReference; explicitFileType = wrapper.application; includeInIndex = 0; path = metaProject.app; sourceTree = BUILT_PRODUCTS_DIR; };
		9C0B2539179197AB00472670 /* UIKit.framework */ = {isa = PBXFileReference; lastKnownFileType = wrapper.framework; name = UIKit.framework; path = System/Library/Frameworks/UIKit.framework; sourceTree = SDKROOT; };
		9C0B253B179197AB00472670 /* Foundation.framework */ = {isa = PBXFileReference; lastKnownFileType = wrapper.framework; name = Foundation.framework; path = System/Library/Frameworks/Foundation.framework; sourceTree = SDKROOT; };
		9C0B253D179197AB00472670 /* CoreGraphics.framework */ = {isa = PBXFileReference; lastKnownFileType = wrapper.framework; name = CoreGraphics.framework; path = System/Library/Frameworks/CoreGraphics.framework; sourceTree = SDKROOT; };
		9C0B2541179197AB00472670 /* metaProject-Info.plist */ = {isa = PBXFileReference; lastKnownFileType = text.plist.xml; path = "metaProject-Info.plist"; sourceTree = "<group>"; };
		9C0B2543179197AB00472670 /* en */ = {isa = PBXFileReference; lastKnownFileType = text.plist.strings; name = en; path = en.lproj/InfoPlist.strings; sourceTree = "<group>"; };
		9C0B2545179197AB00472670 /* main.m */ = {isa = PBXFileReference; lastKnownFileType = sourcecode.c.objc; path = main.m; sourceTree = "<group>"; };
		9C0B2547179197AB00472670 /* metaProject-Prefix.pch */ = {isa = PBXFileReference; lastKnownFileType = sourcecode.c.h; path = "metaProject-Prefix.pch"; sourceTree = "<group>"; };
		9C0B2548179197AB00472670 /* AppDelegate.h */ = {isa = PBXFileReference; lastKnownFileType = sourcecode.c.h; path = AppDelegate.h; sourceTree = "<group>"; };
		9C0B2549179197AB00472670 /* AppDelegate.m */ = {isa = PBXFileReference; lastKnownFileType = sourcecode.c.objc; path = AppDelegate.m; sourceTree = "<group>"; };
		9C0B2556179197AB00472670 /* metaProjectTests.octest */ = {isa = PBXFileReference; explicitFileType = wrapper.cfbundle; includeInIndex = 0; path = metaProjectTests.octest; sourceTree = BUILT_PRODUCTS_DIR; };
		9C0B2557179197AB00472670 /* SenTestingKit.framework */ = {isa = PBXFileReference; lastKnownFileType = wrapper.framework; name = SenTestingKit.framework; path = Library/Frameworks/SenTestingKit.framework; sourceTree = DEVELOPER_DIR; };
		9C0B255F179197AB00472670 /* metaProjectTests-Info.plist */ = {isa = PBXFileReference; lastKnownFileType = text.plist.xml; path = "metaProjectTests-Info.plist"; sourceTree = "<group>"; };
		9C0B2561179197AB00472670 /* en */ = {isa = PBXFileReference; lastKnownFileType = text.plist.strings; name = en; path = en.lproj/InfoPlist.strings; sourceTree = "<group>"; };
		9C0B2563179197AB00472670 /* metaProjectTests.h */ = {isa = PBXFileReference; lastKnownFileType = sourcecode.c.h; path = metaProjectTests.h; sourceTree = "<group>"; };
		9C0B2564179197AB00472670 /* metaProjectTests.m */ = {isa = PBXFileReference; lastKnownFileType = sourcecode.c.objc; path = metaProjectTests.m; sourceTree = "<group>"; };
/* End PBXFileReference section */

/* Begin PBXFrameworksBuildPhase section */
		9C0B2532179197AB00472670 /* Frameworks */ = {
			isa = PBXFrameworksBuildPhase;
			buildActionMask = 2147483647;
			files = (
				9C0B253A179197AB00472670 /* UIKit.framework in Frameworks */,
				9C0B253C179197AB00472670 /* Foundation.framework in Frameworks */,
				9C0B253E179197AB00472670 /* CoreGraphics.framework in Frameworks */,
			);
			runOnlyForDeploymentPostprocessing = 0;
		};
		9C0B2552179197AB00472670 /* Frameworks */ = {
			isa = PBXFrameworksBuildPhase;
			buildActionMask = 2147483647;
			files = (
				9C0B2558179197AB00472670 /* SenTestingKit.framework in Frameworks */,
				9C0B2559179197AB00472670 /* UIKit.framework in Frameworks */,
				9C0B255A179197AB00472670 /* Foundation.framework in Frameworks */,
			);
			runOnlyForDeploymentPostprocessing = 0;
		};
/* End PBXFrameworksBuildPhase section */

/* Begin PBXGroup section */
		9C0B252A179197AB00472670 = {
			isa = PBXGroup;
			children = (
				2A4F7A5A179859D900031D36 /* Default-568h@2x.png */,
				9C0B253F179197AB00472670 /* metaProject */,
				9C0B255D179197AB00472670 /* metaProjectTests */,
				9C0B2538179197AB00472670 /* Frameworks */,
				9C0B2536179197AB00472670 /* Products */,
			);
			sourceTree = "<group>";
		};
		9C0B2536179197AB00472670 /* Products */ = {
			isa = PBXGroup;
			children = (
				9C0B2535179197AB00472670 /* metaProject.app */,
				9C0B2556179197AB00472670 /* metaProjectTests.octest */,
			);
			name = Products;
			sourceTree = "<group>";
		};
		9C0B2538179197AB00472670 /* Frameworks */ = {
			isa = PBXGroup;
			children = (
				9C0B2539179197AB00472670 /* UIKit.framework */,
				9C0B253B179197AB00472670 /* Foundation.framework */,
				9C0B253D179197AB00472670 /* CoreGraphics.framework */,
				9C0B2557179197AB00472670 /* SenTestingKit.framework */,
			);
			name = Frameworks;
			sourceTree = "<group>";
		};
		9C0B253F179197AB00472670 /* metaProject */ = {
			isa = PBXGroup;
			children = (
				2A5B036917957B92003F75CF /* DebugTableViewController.h */,
				2A5B036A17957B92003F75CF /* DebugTableViewController.m */,
				9C0B2548179197AB00472670 /* AppDelegate.h */,
				9C0B2549179197AB00472670 /* AppDelegate.m */,
				9C0B2540179197AB00472670 /* Supporting Files */,
			);
			path = metaProject;
			sourceTree = "<group>";
		};
		9C0B2540179197AB00472670 /* Supporting Files */ = {
			isa = PBXGroup;
			children = (
				9C0B2541179197AB00472670 /* metaProject-Info.plist */,
				9C0B2542179197AB00472670 /* InfoPlist.strings */,
				9C0B2545179197AB00472670 /* main.m */,
				9C0B2547179197AB00472670 /* metaProject-Prefix.pch */,
			);
			name = "Supporting Files";
			sourceTree = "<group>";
		};
		9C0B255D179197AB00472670 /* metaProjectTests */ = {
			isa = PBXGroup;
			children = (
				9C0B2563179197AB00472670 /* metaProjectTests.h */,
				9C0B2564179197AB00472670 /* metaProjectTests.m */,
				9C0B255E179197AB00472670 /* Supporting Files */,
			);
			path = metaProjectTests;
			sourceTree = "<group>";
		};
		9C0B255E179197AB00472670 /* Supporting Files */ = {
			isa = PBXGroup;
			children = (
				9C0B255F179197AB00472670 /* metaProjectTests-Info.plist */,
				9C0B2560179197AB00472670 /* InfoPlist.strings */,
			);
			name = "Supporting Files";
			sourceTree = "<group>";
		};
/* End PBXGroup section */

/* Begin PBXNativeTarget section */
		9C0B2534179197AB00472670 /* metaProject */ = {
			isa = PBXNativeTarget;
			buildConfigurationList = 9C0B2568179197AB00472670 /* Build configuration list for PBXNativeTarget "metaProject" */;
			buildPhases = (
				9C0B2531179197AB00472670 /* Sources */,
				9C0B2532179197AB00472670 /* Frameworks */,
				9C0B2533179197AB00472670 /* Resources */,
				9C0B257617919CD700472670 /* ShellScript */,
				8409F3B0184B649300881AE1 /* ShellScript */,
			);
			buildRules = (
			);
			dependencies = (
			);
			name = metaProject;
			productName = metaProject;
			productReference = 9C0B2535179197AB00472670 /* metaProject.app */;
			productType = "com.apple.product-type.application";
		};
		9C0B2555179197AB00472670 /* metaProjectTests */ = {
			isa = PBXNativeTarget;
			buildConfigurationList = 9C0B256B179197AB00472670 /* Build configuration list for PBXNativeTarget "metaProjectTests" */;
			buildPhases = (
				9C0B2551179197AB00472670 /* Sources */,
				9C0B2552179197AB00472670 /* Frameworks */,
				9C0B2553179197AB00472670 /* Resources */,
				9C0B2554179197AB00472670 /* ShellScript */,
			);
			buildRules = (
			);
			dependencies = (
				9C0B255C179197AB00472670 /* PBXTargetDependency */,
			);
			name = metaProjectTests;
			productName = metaProjectTests;
			productReference = 9C0B2556179197AB00472670 /* metaProjectTests.octest */;
			productType = "com.apple.product-type.bundle";
		};
/* End PBXNativeTarget section */

/* Begin PBXProject section */
		9C0B252C179197AB00472670 /* Project object */ = {
			isa = PBXProject;
			attributes = {
				LastUpgradeCheck = 0500;
			};
			buildConfigurationList = 9C0B252F179197AB00472670 /* Build configuration list for PBXProject "metaProject" */;
			compatibilityVersion = "Xcode 3.2";
			developmentRegion = English;
			hasScannedForEncodings = 0;
			knownRegions = (
				en,
			);
			mainGroup = 9C0B252A179197AB00472670;
			productRefGroup = 9C0B2536179197AB00472670 /* Products */;
			projectDirPath = "";
			projectRoot = "";
			targets = (
				9C0B2534179197AB00472670 /* metaProject */,
				9C0B2555179197AB00472670 /* metaProjectTests */,
			);
		};
/* End PBXProject section */

/* Begin PBXResourcesBuildPhase section */
		9C0B2533179197AB00472670 /* Resources */ = {
			isa = PBXResourcesBuildPhase;
			buildActionMask = 2147483647;
			files = (
				9C0B2544179197AB00472670 /* InfoPlist.strings in Resources */,
				2A4F7A5B179859D900031D36 /* Default-568h@2x.png in Resources */,
			);
			runOnlyForDeploymentPostprocessing = 0;
		};
		9C0B2553179197AB00472670 /* Resources */ = {
			isa = PBXResourcesBuildPhase;
			buildActionMask = 2147483647;
			files = (
				9C0B2562179197AB00472670 /* InfoPlist.strings in Resources */,
			);
			runOnlyForDeploymentPostprocessing = 0;
		};
/* End PBXResourcesBuildPhase section */

/* Begin PBXShellScriptBuildPhase section */
		8409F3B0184B649300881AE1 /* ShellScript */ = {
			isa = PBXShellScriptBuildPhase;
			buildActionMask = 2147483647;
			files = (
			);
			inputPaths = (
			);
			outputPaths = (
			);
			runOnlyForDeploymentPostprocessing = 0;
			shellPath = /bin/sh;
			shellScript = "#/usr/bin/xcrun -sdk iphoneos PackageApplication -v \"${BUILT_PRODUCTS_DIR}/${PRODUCT_NAME}\".app --sign \"${CODE_SIGN_IDENTITY}\" -o \"${PROJECT_DIR}/${PRODUCT_NAME}\".ipa --embed /Library/Server/Xcode/Data/ProvisioningProfiles/\"${PROVISIONING_PROFILE}\".mobileprovision";
		};
		9C0B2554179197AB00472670 /* ShellScript */ = {
			isa = PBXShellScriptBuildPhase;
			buildActionMask = 2147483647;
			files = (
			);
			inputPaths = (
			);
			outputPaths = (
			);
			runOnlyForDeploymentPostprocessing = 0;
			shellPath = /bin/sh;
			shellScript = "# Run the unit tests in this test bundle.\n\"${SYSTEM_DEVELOPER_DIR}/Tools/RunUnitTests\"\n";
		};
		9C0B257617919CD700472670 /* ShellScript */ = {
			isa = PBXShellScriptBuildPhase;
			buildActionMask = 2147483647;
			files = (
			);
			inputPaths = (
			);
			outputPaths = (
			);
			runOnlyForDeploymentPostprocessing = 0;
			shellPath = /bin/sh;
			shellScript = "bash ${PROJECT_DIR}/getDebugInfo.sh";
		};
/* End PBXShellScriptBuildPhase section */

/* Begin PBXSourcesBuildPhase section */
		9C0B2531179197AB00472670 /* Sources */ = {
			isa = PBXSourcesBuildPhase;
			buildActionMask = 2147483647;
			files = (
				9C0B2546179197AB00472670 /* main.m in Sources */,
				9C0B254A179197AB00472670 /* AppDelegate.m in Sources */,
				2A5B036B17957B92003F75CF /* DebugTableViewController.m in Sources */,
			);
			runOnlyForDeploymentPostprocessing = 0;
		};
		9C0B2551179197AB00472670 /* Sources */ = {
			isa = PBXSourcesBuildPhase;
			buildActionMask = 2147483647;
			files = (
				9C0B2565179197AB00472670 /* metaProjectTests.m in Sources */,
			);
			runOnlyForDeploymentPostprocessing = 0;
		};
/* End PBXSourcesBuildPhase section */

/* Begin PBXTargetDependency section */
		9C0B255C179197AB00472670 /* PBXTargetDependency */ = {
			isa = PBXTargetDependency;
			target = 9C0B2534179197AB00472670 /* metaProject */;
			targetProxy = 9C0B255B179197AB00472670 /* PBXContainerItemProxy */;
		};
/* End PBXTargetDependency section */

/* Begin PBXVariantGroup section */
		9C0B2542179197AB00472670 /* InfoPlist.strings */ = {
			isa = PBXVariantGroup;
			children = (
				9C0B2543179197AB00472670 /* en */,
			);
			name = InfoPlist.strings;
			sourceTree = "<group>";
		};
		9C0B2560179197AB00472670 /* InfoPlist.strings */ = {
			isa = PBXVariantGroup;
			children = (
				9C0B2561179197AB00472670 /* en */,
			);
			name = InfoPlist.strings;
			sourceTree = "<group>";
		};
/* End PBXVariantGroup section */

/* Begin XCBuildConfiguration section */
		9C0B2566179197AB00472670 /* Debug */ = {
			isa = XCBuildConfiguration;
			buildSettings = {
				ALWAYS_SEARCH_USER_PATHS = NO;
				CLANG_ENABLE_OBJC_ARC = YES;
				CLANG_WARN_BOOL_CONVERSION = YES;
				CLANG_WARN_CONSTANT_CONVERSION = YES;
				CLANG_WARN_EMPTY_BODY = YES;
				CLANG_WARN_ENUM_CONVERSION = YES;
				CLANG_WARN_INT_CONVERSION = YES;
				CLANG_WARN__DUPLICATE_METHOD_MATCH = YES;
				CODE_SIGN_IDENTITY = "iPhone Distribution:  LIMITED LIABILITY COMPANY DESIGN AND TEST LAB (RL68UL2G8R)";
				COPY_PHASE_STRIP = NO;
				GCC_C_LANGUAGE_STANDARD = gnu99;
				GCC_DYNAMIC_NO_PIC = NO;
				GCC_OPTIMIZATION_LEVEL = 0;
				GCC_PREPROCESSOR_DEFINITIONS = (
					"DEBUG=1",
					"$(inherited)",
				);
				GCC_SYMBOLS_PRIVATE_EXTERN = NO;
				GCC_VERSION = com.apple.compilers.llvm.clang.1_0;
				GCC_WARN_64_TO_32_BIT_CONVERSION = YES;
				GCC_WARN_ABOUT_MISSING_PROTOTYPES = YES;
				GCC_WARN_ABOUT_RETURN_TYPE = YES;
				GCC_WARN_UNDECLARED_SELECTOR = YES;
				GCC_WARN_UNINITIALIZED_AUTOS = YES;
				GCC_WARN_UNUSED_FUNCTION = YES;
				GCC_WARN_UNUSED_VARIABLE = YES;
				IPHONEOS_DEPLOYMENT_TARGET = 5.0;
				ONLY_ACTIVE_ARCH = YES;
				PROVISIONING_PROFILE = "C8A18735-8D10-4E29-A4FD-DC97981CE420";
				SDKROOT = iphoneos;
			};
			name = Debug;
		};
		9C0B2567179197AB00472670 /* Release */ = {
			isa = XCBuildConfiguration;
			buildSettings = {
				ALWAYS_SEARCH_USER_PATHS = NO;
				CLANG_ENABLE_OBJC_ARC = YES;
				CLANG_WARN_BOOL_CONVERSION = YES;
				CLANG_WARN_CONSTANT_CONVERSION = YES;
				CLANG_WARN_EMPTY_BODY = YES;
				CLANG_WARN_ENUM_CONVERSION = YES;
				CLANG_WARN_INT_CONVERSION = YES;
				CLANG_WARN__DUPLICATE_METHOD_MATCH = YES;
				CODE_SIGN_IDENTITY = "iPhone Distribution:  LIMITED LIABILITY COMPANY DESIGN AND TEST LAB (RL68UL2G8R)";
				COPY_PHASE_STRIP = YES;
				GCC_C_LANGUAGE_STANDARD = gnu99;
				GCC_VERSION = com.apple.compilers.llvm.clang.1_0;
				GCC_WARN_64_TO_32_BIT_CONVERSION = YES;
				GCC_WARN_ABOUT_MISSING_PROTOTYPES = YES;
				GCC_WARN_ABOUT_RETURN_TYPE = YES;
				GCC_WARN_UNDECLARED_SELECTOR = YES;
				GCC_WARN_UNINITIALIZED_AUTOS = YES;
				GCC_WARN_UNUSED_FUNCTION = YES;
				GCC_WARN_UNUSED_VARIABLE = YES;
				IPHONEOS_DEPLOYMENT_TARGET = 5.0;
				OTHER_CFLAGS = "-DNS_BLOCK_ASSERTIONS=1";
				PROVISIONING_PROFILE = "C8A18735-8D10-4E29-A4FD-DC97981CE420";
				SDKROOT = iphoneos;
				VALIDATE_PRODUCT = YES;
			};
			name = Release;
		};
		9C0B2569179197AB00472670 /* Debug */ = {
			isa = XCBuildConfiguration;
			buildSettings = {
				GCC_PRECOMPILE_PREFIX_HEADER = YES;
				GCC_PREFIX_HEADER = "metaProject/metaProject-Prefix.pch";
				INFOPLIST_FILE = "metaProject/metaProject-Info.plist";
				PRODUCT_NAME = "$(TARGET_NAME)";
				WRAPPER_EXTENSION = app;
			};
			name = Debug;
		};
		9C0B256A179197AB00472670 /* Release */ = {
			isa = XCBuildConfiguration;
			buildSettings = {
				GCC_PRECOMPILE_PREFIX_HEADER = YES;
				GCC_PREFIX_HEADER = "metaProject/metaProject-Prefix.pch";
				INFOPLIST_FILE = "metaProject/metaProject-Info.plist";
				PRODUCT_NAME = "$(TARGET_NAME)";
				WRAPPER_EXTENSION = app;
			};
			name = Release;
		};
		9C0B256C179197AB00472670 /* Debug */ = {
			isa = XCBuildConfiguration;
			buildSettings = {
				BUNDLE_LOADER = "$(BUILT_PRODUCTS_DIR)/metaProject.app/metaProject";
				FRAMEWORK_SEARCH_PATHS = (
					"$(SDKROOT)/Developer/Library/Frameworks",
					"$(DEVELOPER_LIBRARY_DIR)/Frameworks",
				);
				GCC_PRECOMPILE_PREFIX_HEADER = YES;
				GCC_PREFIX_HEADER = "metaProject/metaProject-Prefix.pch";
				INFOPLIST_FILE = "metaProjectTests/metaProjectTests-Info.plist";
				PRODUCT_NAME = "$(TARGET_NAME)";
				TEST_HOST = "$(BUNDLE_LOADER)";
				WRAPPER_EXTENSION = octest;
			};
			name = Debug;
		};
		9C0B256D179197AB00472670 /* Release */ = {
			isa = XCBuildConfiguration;
			buildSettings = {
				BUNDLE_LOADER = "$(BUILT_PRODUCTS_DIR)/metaProject.app/metaProject";
				FRAMEWORK_SEARCH_PATHS = (
					"$(SDKROOT)/Developer/Library/Frameworks",
					"$(DEVELOPER_LIBRARY_DIR)/Frameworks",
				);
				GCC_PRECOMPILE_PREFIX_HEADER = YES;
				GCC_PREFIX_HEADER = "metaProject/metaProject-Prefix.pch";
				INFOPLIST_FILE = "metaProjectTests/metaProjectTests-Info.plist";
				PRODUCT_NAME = "$(TARGET_NAME)";
				TEST_HOST = "$(BUNDLE_LOADER)";
				WRAPPER_EXTENSION = octest;
			};
			name = Release;
		};
/* End XCBuildConfiguration section */

/* Begin XCConfigurationList section */
		9C0B252F179197AB00472670 /* Build configuration list for PBXProject "metaProject" */ = {
			isa = XCConfigurationList;
			buildConfigurations = (
				9C0B2566179197AB00472670 /* Debug */,
				9C0B2567179197AB00472670 /* Release */,
			);
			defaultConfigurationIsVisible = 0;
			defaultConfigurationName = Release;
		};
		9C0B2568179197AB00472670 /* Build configuration list for PBXNativeTarget "metaProject" */ = {
			isa = XCConfigurationList;
			buildConfigurations = (
				9C0B2569179197AB00472670 /* Debug */,
				9C0B256A179197AB00472670 /* Release */,
			);
			defaultConfigurationIsVisible = 0;
			defaultConfigurationName = Release;
		};
		9C0B256B179197AB00472670 /* Build configuration list for PBXNativeTarget "metaProjectTests" */ = {
			isa = XCConfigurationList;
			buildConfigurations = (
				9C0B256C179197AB00472670 /* Debug */,
				9C0B256D179197AB00472670 /* Release */,
			);
			defaultConfigurationIsVisible = 0;
			defaultConfigurationName = Release;
		};
/* End XCConfigurationList section */
	};
	rootObject = 9C0B252C179197AB00472670 /* Project object */;
}
